
Microsoft Visual Studio Solution File, Format Version 12.00
Project("{FAE04EC0-301F-11D3-BF4B-00C04F79EFBC}") = "SEP4_Data", "SEP4_Data\SEP4_Data.csproj", "{34846CD9-C017-4F38-B7AE-F62E5EBBB86A}"
EndProject
Global
	GlobalSection(SolutionConfigurationPlatforms) = preSolution
		Debug|Any CPU = Debug|Any CPU
		Release|Any CPU = Release|Any CPU
	EndGlobalSection
	GlobalSection(ProjectConfigurationPlatforms) = postSolution
		{34846CD9-C017-4F38-B7AE-F62E5EBBB86A}.Debug|Any CPU.ActiveCfg = Debug|Any CPU
		{34846CD9-C017-4F38-B7AE-F62E5EBBB86A}.Debug|Any CPU.Build.0 = Debug|Any CPU
		{34846CD9-C017-4F38-B7AE-F62E5EBBB86A}.Release|Any CPU.ActiveCfg = Release|Any CPU
		{34846CD9-C017-4F38-B7AE-F62E5EBBB86A}.Release|Any CPU.Build.0 = Release|Any CPU
	EndGlobalSection
EndGlobal
